
Microsoft Visual Studio Solution File, Format Version 12.00
# Visual Studio Version 16
VisualStudioVersion = 16.0.32630.194
MinimumVisualStudioVersion = 10.0.40219.1
Project("{FAE04EC0-301F-11D3-BF4B-00C04F79EFBC}") = "FirstTask", "FirstTask\FirstTask.csproj", "{EA2DBD0B-EEDF-47FE-A95B-868061A7FD46}"
EndProject
Project("{FAE04EC0-301F-11D3-BF4B-00C04F79EFBC}") = "SecondTask", "SecondTask\SecondTask.csproj", "{12BBC19A-40DC-495B-A8BC-5BD9ECCE6F25}"
EndProject
Project("{FAE04EC0-301F-11D3-BF4B-00C04F79EFBC}") = "ThirdTask", "ThirdTask\ThirdTask.csproj", "{6FF0AF74-6930-4A6C-B934-775591AEB908}"
EndProject
Project("{FAE04EC0-301F-11D3-BF4B-00C04F79EFBC}") = "FourthTask", "FourthTask\FourthTask.csproj", "{FF753E0B-3702-4D25-9C29-31E93371BCA0}"
EndProject
Project("{FAE04EC0-301F-11D3-BF4B-00C04F79EFBC}") = "FifthTask", "FifthTask\FifthTask.csproj", "{38C3BFA6-F541-4739-949A-E3700CBBB6CC}"
EndProject
Project("{FAE04EC0-301F-11D3-BF4B-00C04F79EFBC}") = "SixthTask", "SixthTask\SixthTask.csproj", "{AB381B9B-979D-4C18-90E7-94418554EF26}"
EndProject
Project("{FAE04EC0-301F-11D3-BF4B-00C04F79EFBC}") = "SeventhTask", "SeventhTask\SeventhTask.csproj", "{D5349745-8E27-4AAE-95EA-8241100EAC25}"
EndProject
Project("{FAE04EC0-301F-11D3-BF4B-00C04F79EFBC}") = "EighthTask", "EighthTask\EighthTask.csproj", "{3190BDEB-20F7-48CC-8F4B-9718BE773F8F}"
EndProject
Global
	GlobalSection(SolutionConfigurationPlatforms) = preSolution
		Debug|Any CPU = Debug|Any CPU
		Release|Any CPU = Release|Any CPU
	EndGlobalSection
	GlobalSection(ProjectConfigurationPlatforms) = postSolution
		{EA2DBD0B-EEDF-47FE-A95B-868061A7FD46}.Debug|Any CPU.ActiveCfg = Debug|Any CPU
		{EA2DBD0B-EEDF-47FE-A95B-868061A7FD46}.Debug|Any CPU.Build.0 = Debug|Any CPU
		{EA2DBD0B-EEDF-47FE-A95B-868061A7FD46}.Release|Any CPU.ActiveCfg = Release|Any CPU
		{EA2DBD0B-EEDF-47FE-A95B-868061A7FD46}.Release|Any CPU.Build.0 = Release|Any CPU
		{12BBC19A-40DC-495B-A8BC-5BD9ECCE6F25}.Debug|Any CPU.ActiveCfg = Debug|Any CPU
		{12BBC19A-40DC-495B-A8BC-5BD9ECCE6F25}.Debug|Any CPU.Build.0 = Debug|Any CPU
		{12BBC19A-40DC-495B-A8BC-5BD9ECCE6F25}.Release|Any CPU.ActiveCfg = Release|Any CPU
		{12BBC19A-40DC-495B-A8BC-5BD9ECCE6F25}.Release|Any CPU.Build.0 = Release|Any CPU
		{6FF0AF74-6930-4A6C-B934-775591AEB908}.Debug|Any CPU.ActiveCfg = Debug|Any CPU
		{6FF0AF74-6930-4A6C-B934-775591AEB908}.Debug|Any CPU.Build.0 = Debug|Any CPU
		{6FF0AF74-6930-4A6C-B934-775591AEB908}.Release|Any CPU.ActiveCfg = Release|Any CPU
		{6FF0AF74-6930-4A6C-B934-775591AEB908}.Release|Any CPU.Build.0 = Release|Any CPU
		{FF753E0B-3702-4D25-9C29-31E93371BCA0}.Debug|Any CPU.ActiveCfg = Debug|Any CPU
		{FF753E0B-3702-4D25-9C29-31E93371BCA0}.Debug|Any CPU.Build.0 = Debug|Any CPU
		{FF753E0B-3702-4D25-9C29-31E93371BCA0}.Release|Any CPU.ActiveCfg = Release|Any CPU
		{FF753E0B-3702-4D25-9C29-31E93371BCA0}.Release|Any CPU.Build.0 = Release|Any CPU
		{38C3BFA6-F541-4739-949A-E3700CBBB6CC}.Debug|Any CPU.ActiveCfg = Debug|Any CPU
		{38C3BFA6-F541-4739-949A-E3700CBBB6CC}.Debug|Any CPU.Build.0 = Debug|Any CPU
		{38C3BFA6-F541-4739-949A-E3700CBBB6CC}.Release|Any CPU.ActiveCfg = Release|Any CPU
		{38C3BFA6-F541-4739-949A-E3700CBBB6CC}.Release|Any CPU.Build.0 = Release|Any CPU
		{AB381B9B-979D-4C18-90E7-94418554EF26}.Debug|Any CPU.ActiveCfg = Debug|Any CPU
		{AB381B9B-979D-4C18-90E7-94418554EF26}.Debug|Any CPU.Build.0 = Debug|Any CPU
		{AB381B9B-979D-4C18-90E7-94418554EF26}.Release|Any CPU.ActiveCfg = Release|Any CPU
		{AB381B9B-979D-4C18-90E7-94418554EF26}.Release|Any CPU.Build.0 = Release|Any CPU
		{D5349745-8E27-4AAE-95EA-8241100EAC25}.Debug|Any CPU.ActiveCfg = Debug|Any CPU
		{D5349745-8E27-4AAE-95EA-8241100EAC25}.Debug|Any CPU.Build.0 = Debug|Any CPU
		{D5349745-8E27-4AAE-95EA-8241100EAC25}.Release|Any CPU.ActiveCfg = Release|Any CPU
		{D5349745-8E27-4AAE-95EA-8241100EAC25}.Release|Any CPU.Build.0 = Release|Any CPU
		{3190BDEB-20F7-48CC-8F4B-9718BE773F8F}.Debug|Any CPU.ActiveCfg = Debug|Any CPU
		{3190BDEB-20F7-48CC-8F4B-9718BE773F8F}.Debug|Any CPU.Build.0 = Debug|Any CPU
		{3190BDEB-20F7-48CC-8F4B-9718BE773F8F}.Release|Any CPU.ActiveCfg = Release|Any CPU
		{3190BDEB-20F7-48CC-8F4B-9718BE773F8F}.Release|Any CPU.Build.0 = Release|Any CPU
	EndGlobalSection
	GlobalSection(SolutionProperties) = preSolution
		HideSolutionNode = FALSE
	EndGlobalSection
	GlobalSection(ExtensibilityGlobals) = postSolution
		SolutionGuid = {6F41B181-709B-4BA1-818F-EEF1E8233347}
	EndGlobalSection
EndGlobal
